
Microsoft Visual Studio Solution File, Format Version 12.00
# Visual Studio Version 17
VisualStudioVersion = 17.5.33209.295
MinimumVisualStudioVersion = 10.0.40219.1
Project("{9A19103F-16F7-4668-BE54-9A1E7A4F7556}") = "EFCore7MappingIssue", "EFCore7MappingIssue\EFCore7MappingIssue.csproj", "{728DCBD1-A6D2-419F-8957-FEEEBA7FA0C1}"
EndProject
Project("{FAE04EC0-301F-11D3-BF4B-00C04F79EFBC}") = "EFCore7MappingIssue.Common", "EFCore7MappingIssue.Common\EFCore7MappingIssue.Common.csproj", "{7141A385-FCF8-4543-979E-C5029B758683}"
EndProject
Global
	GlobalSection(SolutionConfigurationPlatforms) = preSolution
		Debug|Any CPU = Debug|Any CPU
		Release|Any CPU = Release|Any CPU
	EndGlobalSection
	GlobalSection(ProjectConfigurationPlatforms) = postSolution
		{728DCBD1-A6D2-419F-8957-FEEEBA7FA0C1}.Debug|Any CPU.ActiveCfg = Debug|Any CPU
		{728DCBD1-A6D2-419F-8957-FEEEBA7FA0C1}.Debug|Any CPU.Build.0 = Debug|Any CPU
		{728DCBD1-A6D2-419F-8957-FEEEBA7FA0C1}.Release|Any CPU.ActiveCfg = Release|Any CPU
		{728DCBD1-A6D2-419F-8957-FEEEBA7FA0C1}.Release|Any CPU.Build.0 = Release|Any CPU
		{7141A385-FCF8-4543-979E-C5029B758683}.Debug|Any CPU.ActiveCfg = Debug|Any CPU
		{7141A385-FCF8-4543-979E-C5029B758683}.Debug|Any CPU.Build.0 = Debug|Any CPU
		{7141A385-FCF8-4543-979E-C5029B758683}.Release|Any CPU.ActiveCfg = Release|Any CPU
		{7141A385-FCF8-4543-979E-C5029B758683}.Release|Any CPU.Build.0 = Release|Any CPU
	EndGlobalSection
	GlobalSection(SolutionProperties) = preSolution
		HideSolutionNode = FALSE
	EndGlobalSection
	GlobalSection(ExtensibilityGlobals) = postSolution
		SolutionGuid = {64B8D732-A937-48D0-B2D2-222EF0EB46A8}
	EndGlobalSection
EndGlobal
